
Microsoft Visual Studio Solution File, Format Version 12.00
# Visual Studio 15
VisualStudioVersion = 15.0.28307.539
MinimumVisualStudioVersion = 10.0.40219.1
Project("{FAE04EC0-301F-11D3-BF4B-00C04F79EFBC}") = "csharp_lab1", "csharp_lab1\csharp_lab1.csproj", "{73F49CC9-390F-48F7-A00F-AB70F82EB107}"
EndProject
Global
	GlobalSection(SolutionConfigurationPlatforms) = preSolution
		Debug|Any CPU = Debug|Any CPU
		Release|Any CPU = Release|Any CPU
	EndGlobalSection
	GlobalSection(ProjectConfigurationPlatforms) = postSolution
		{73F49CC9-390F-48F7-A00F-AB70F82EB107}.Debug|Any CPU.ActiveCfg = Debug|Any CPU
		{73F49CC9-390F-48F7-A00F-AB70F82EB107}.Debug|Any CPU.Build.0 = Debug|Any CPU
		{73F49CC9-390F-48F7-A00F-AB70F82EB107}.Release|Any CPU.ActiveCfg = Release|Any CPU
		{73F49CC9-390F-48F7-A00F-AB70F82EB107}.Release|Any CPU.Build.0 = Release|Any CPU
	EndGlobalSection
	GlobalSection(SolutionProperties) = preSolution
		HideSolutionNode = FALSE
	EndGlobalSection
	GlobalSection(ExtensibilityGlobals) = postSolution
		SolutionGuid = {B5C19C60-4E6C-422E-A4C0-481244811973}
	EndGlobalSection
EndGlobal
